
Microsoft Visual Studio Solution File, Format Version 12.00
# Visual Studio 15
VisualStudioVersion = 15.0.28307.489
MinimumVisualStudioVersion = 10.0.40219.1
Project("{FAE04EC0-301F-11D3-BF4B-00C04F79EFBC}") = "CinnabunsFinal", "CinnabunsFinal\CinnabunsFinal.csproj", "{C78BF077-1270-484C-82F8-CD684D1B8059}"
EndProject
Global
	GlobalSection(SolutionConfigurationPlatforms) = preSolution
		Debug|Any CPU = Debug|Any CPU
		Release|Any CPU = Release|Any CPU
	EndGlobalSection
	GlobalSection(ProjectConfigurationPlatforms) = postSolution
		{C78BF077-1270-484C-82F8-CD684D1B8059}.Debug|Any CPU.ActiveCfg = Debug|Any CPU
		{C78BF077-1270-484C-82F8-CD684D1B8059}.Debug|Any CPU.Build.0 = Debug|Any CPU
		{C78BF077-1270-484C-82F8-CD684D1B8059}.Release|Any CPU.ActiveCfg = Release|Any CPU
		{C78BF077-1270-484C-82F8-CD684D1B8059}.Release|Any CPU.Build.0 = Release|Any CPU
	EndGlobalSection
	GlobalSection(SolutionProperties) = preSolution
		HideSolutionNode = FALSE
	EndGlobalSection
	GlobalSection(ExtensibilityGlobals) = postSolution
		SolutionGuid = {1218371D-6D0D-469C-B1A0-E2618CD6B44D}
	EndGlobalSection
EndGlobal
